PODS:
  - Capacitor (7.4.3):
    - CapacitorCordova
  - CapacitorApp (7.1.0):
    - Capacitor
  - CapacitorAppLauncher (7.0.2):
    - Capacitor
  - CapacitorBrowser (7.0.2):
    - Capacitor
  - CapacitorCordova (7.4.3)
  - CapacitorHaptics (7.0.2):
    - Capacitor
  - CapacitorPluginAppTrackingTransparency (2.0.5):
    - Capacitor
  - CapacitorPreferences (7.0.2):
    - Capacitor
  - CordovaPlugins (7.4.3):
    - CapacitorCordova
  - FBAEMKit (18.0.1):
    - FBSDKCoreKit_Basics (= 18.0.1)
  - FBSDKCoreKit (18.0.1):
    - FBAEMKit (= 18.0.1)
    - FBSDKCoreKit_Basics (= 18.0.1)
  - FBSDKCoreKit_Basics (18.0.1)
  - FBSDKGamingServicesKit (18.0.1):
    - FBSDKCoreKit (= 18.0.1)
    - FBSDKCoreKit_Basics (= 18.0.1)
    - FBSDKShareKit (= 18.0.1)
  - FBSDKLoginKit (18.0.1):
    - FBSDKCoreKit (= 18.0.1)
  - FBSDKShareKit (18.0.1):
    - FBSDKCoreKit (= 18.0.1)
  - PurchasesHybridCommon (17.13.0):
    - RevenueCat (= 5.46.0)
  - RevenueCat (5.46.0)
  - RevenuecatPurchasesCapacitor (11.2.10):
    - Capacitor
    - PurchasesHybridCommon (= 17.13.0)

DEPENDENCIES:
  - "Capacitor (from `../../node_modules/@capacitor/ios`)"
  - "CapacitorApp (from `../../node_modules/@capacitor/app`)"
  - "CapacitorAppLauncher (from `../../node_modules/@capacitor/app-launcher`)"
  - "CapacitorBrowser (from `../../node_modules/@capacitor/browser`)"
  - "CapacitorCordova (from `../../node_modules/@capacitor/ios`)"
  - "CapacitorHaptics (from `../../node_modules/@capacitor/haptics`)"
  - CapacitorPluginAppTrackingTransparency (from `../../node_modules/capacitor-plugin-app-tracking-transparency`)
  - "CapacitorPreferences (from `../../node_modules/@capacitor/preferences`)"
  - CordovaPlugins (from `../capacitor-cordova-ios-plugins`)
  - FBSDKCoreKit (~> 18.0)
  - FBSDKGamingServicesKit (~> 18.0)
  - FBSDKLoginKit (~> 18.0)
  - FBSDKShareKit (~> 18.0)
  - "RevenuecatPurchasesCapacitor (from `../../node_modules/@revenuecat/purchases-capacitor`)"

SPEC REPOS:
  trunk:
    - FBAEMKit
    - FBSDKCoreKit
    - FBSDKCoreKit_Basics
    - FBSDKGamingServicesKit
    - FBSDKLoginKit
    - FBSDKShareKit
    - PurchasesHybridCommon
    - RevenueCat

EXTERNAL SOURCES:
  Capacitor:
    :path: "../../node_modules/@capacitor/ios"
  CapacitorApp:
    :path: "../../node_modules/@capacitor/app"
  CapacitorAppLauncher:
    :path: "../../node_modules/@capacitor/app-launcher"
  CapacitorBrowser:
    :path: "../../node_modules/@capacitor/browser"
  CapacitorCordova:
    :path: "../../node_modules/@capacitor/ios"
  CapacitorHaptics:
    :path: "../../node_modules/@capacitor/haptics"
  CapacitorPluginAppTrackingTransparency:
    :path: "../../node_modules/capacitor-plugin-app-tracking-transparency"
  CapacitorPreferences:
    :path: "../../node_modules/@capacitor/preferences"
  CordovaPlugins:
    :path: "../capacitor-cordova-ios-plugins"
  RevenuecatPurchasesCapacitor:
    :path: "../../node_modules/@revenuecat/purchases-capacitor"

SPEC CHECKSUMS:
  Capacitor: b4741ca7affb32c1b70debd03df92cbf522d8a80
  CapacitorApp: 846d4b4a1dbb19dd1e9029c08ba6f028aa7be862
  CapacitorAppLauncher: 96930b89740f1deabc737df750dbc3e9a0430f34
  CapacitorBrowser: 45c681e7abc3b4384e54eb52bafeef1347d98fa8
  CapacitorCordova: 435121e81a2df4d0034f0fb11fcefab5104cfdb5
  CapacitorHaptics: 09d96bcb5a2b74ede8fd039b4cdf58fc43dcacf1
  CapacitorPluginAppTrackingTransparency: 2a2792623a5a72795f2e8f9ab3f1147573732fd8
  CapacitorPreferences: b583b5deb74e564c35968189d25d32c0fd41200d
  CordovaPlugins: 64931e3435a866da9d124e6242a9361b484e9b05
  FBAEMKit: b2ed182002dbcb65d5a60059c9693d322186cd00
  FBSDKCoreKit: 7f96852f2539bdb88ba8d47e5ab4ae70a6f8d691
  FBSDKCoreKit_Basics: 22d4c1a509ded4e45116f3bb167a14907550f62e
  FBSDKGamingServicesKit: acde62310212678446f81b0a14da88231b918feb
  FBSDKLoginKit: f48c06446995cd209332831f692cea28b26e51da
  FBSDKShareKit: d3fef7f6690e173369134beb5f43983d7338e933
  PurchasesHybridCommon: f408c80577f9d1b7400acf7466846125496877b0
  RevenueCat: 0423a85e1f2ef06f1002b18cae53fe856f60ea53
  RevenuecatPurchasesCapacitor: 4baf123df27c556e366f937d8f763d5f09f5698b

PODFILE CHECKSUM: da5b9437a35c4aef6f5a3e7f82782eee3a272c18

COCOAPODS: 1.16.2
